{
  "name": "grayce",
  "version": "1.0.0",
  "lockfileVersion": 2,
  "requires": true,
  "packages": {
    "": {
      "name": "grayce",
      "version": "1.0.0",
      "license": "ISC",
      "dependencies": {
        "@datastructures-js/heap": "^4.3.3",
        "luxon": "^3.4.4"
      }
    },
    "node_modules/@datastructures-js/heap": {
      "version": "4.3.3",
      "resolved": "https://registry.npmjs.org/@datastructures-js/heap/-/heap-4.3.3.tgz",
      "integrity": "sha512-UcUu/DLh/aM4W3C8zZfwxxm6/6FIZUlm3mcAXuNOCa6Aj4iizNvNXQyb8DjZQH2jKSQbMRyNlngP6TPimuGjpQ=="
    },
    "node_modules/luxon": {
      "version": "3.4.4",
      "resolved": "https://registry.npmjs.org/luxon/-/luxon-3.4.4.tgz",
      "integrity": "sha512-zobTr7akeGHnv7eBOXcRgMeCP6+uyYsczwmeRCauvpvaAltgNyTbLH/+VaEAPUeWBT+1GuNmz4wC/6jtQzbbVA==",
      "engines": {
        "node": ">=12"
      }
    }
  },
  "dependencies": {
    "@datastructures-js/heap": {
      "version": "4.3.3",
      "resolved": "https://registry.npmjs.org/@datastructures-js/heap/-/heap-4.3.3.tgz",
      "integrity": "sha512-UcUu/DLh/aM4W3C8zZfwxxm6/6FIZUlm3mcAXuNOCa6Aj4iizNvNXQyb8DjZQH2jKSQbMRyNlngP6TPimuGjpQ=="
    },
    "luxon": {
      "version": "3.4.4",
      "resolved": "https://registry.npmjs.org/luxon/-/luxon-3.4.4.tgz",
      "integrity": "sha512-zobTr7akeGHnv7eBOXcRgMeCP6+uyYsczwmeRCauvpvaAltgNyTbLH/+VaEAPUeWBT+1GuNmz4wC/6jtQzbbVA=="
    }
  }
}
